
Microsoft Visual Studio Solution File, Format Version 12.00
# Visual Studio 2013
VisualStudioVersion = 12.0.31101.0
MinimumVisualStudioVersion = 10.0.40219.1
Project("{FAE04EC0-301F-11D3-BF4B-00C04F79EFBC}") = "MessageSend", "MessageSend\MessageSend.csproj", "{16EB48EE-9F2F-40A4-BD32-0E1409300A6A}"
EndProject
Project("{FAE04EC0-301F-11D3-BF4B-00C04F79EFBC}") = "JMGJJSMS", "JMGJJSMS\JMGJJSMS.csproj", "{3242B411-BC2C-405C-9B27-C4BB16A46F93}"
EndProject
Project("{FAE04EC0-301F-11D3-BF4B-00C04F79EFBC}") = "ConsoleApplication1", "ConsoleApplication1\ConsoleApplication1.csproj", "{28BCD4D8-7EE4-475F-8F17-3D4781336CF0}"
EndProject
Global
	GlobalSection(SolutionConfigurationPlatforms) = preSolution
		Debug|Any CPU = Debug|Any CPU
		Release|Any CPU = Release|Any CPU
	EndGlobalSection
	GlobalSection(ProjectConfigurationPlatforms) = postSolution
		{16EB48EE-9F2F-40A4-BD32-0E1409300A6A}.Debug|Any CPU.ActiveCfg = Debug|Any CPU
		{16EB48EE-9F2F-40A4-BD32-0E1409300A6A}.Debug|Any CPU.Build.0 = Debug|Any CPU
		{16EB48EE-9F2F-40A4-BD32-0E1409300A6A}.Release|Any CPU.ActiveCfg = Release|Any CPU
		{16EB48EE-9F2F-40A4-BD32-0E1409300A6A}.Release|Any CPU.Build.0 = Release|Any CPU
		{3242B411-BC2C-405C-9B27-C4BB16A46F93}.Debug|Any CPU.ActiveCfg = Debug|Any CPU
		{3242B411-BC2C-405C-9B27-C4BB16A46F93}.Debug|Any CPU.Build.0 = Debug|Any CPU
		{3242B411-BC2C-405C-9B27-C4BB16A46F93}.Release|Any CPU.ActiveCfg = Release|Any CPU
		{3242B411-BC2C-405C-9B27-C4BB16A46F93}.Release|Any CPU.Build.0 = Release|Any CPU
		{28BCD4D8-7EE4-475F-8F17-3D4781336CF0}.Debug|Any CPU.ActiveCfg = Debug|Any CPU
		{28BCD4D8-7EE4-475F-8F17-3D4781336CF0}.Debug|Any CPU.Build.0 = Debug|Any CPU
		{28BCD4D8-7EE4-475F-8F17-3D4781336CF0}.Release|Any CPU.ActiveCfg = Release|Any CPU
		{28BCD4D8-7EE4-475F-8F17-3D4781336CF0}.Release|Any CPU.Build.0 = Release|Any CPU
	EndGlobalSection
	GlobalSection(SolutionProperties) = preSolution
		HideSolutionNode = FALSE
	EndGlobalSection
EndGlobal
